
Microsoft Visual Studio Solution File, Format Version 11.00
# Visual Studio 2010
Project("{FAE04EC0-301F-11D3-BF4B-00C04F79EFBC}") = "emberDemo", "emberDemo\emberDemo.csproj", "{7624FA60-1CAE-462B-BAEC-AACA3E642055}"
EndProject
Project("{FAE04EC0-301F-11D3-BF4B-00C04F79EFBC}") = "Domain", "Domain\Domain.csproj", "{9DAFD3B1-98BC-44B5-B57F-712CEED2FB48}"
EndProject
Project("{FAE04EC0-301F-11D3-BF4B-00C04F79EFBC}") = "Domain.Test", "Domain.Test\Domain.Test.csproj", "{EA2E5552-B838-4C34-A12D-08D83771DE2F}"
EndProject
Project("{2150E333-8FDC-42A3-9474-1A3956D46DE8}") = "Solution Items", "Solution Items", "{1A4BC7E6-B97A-44C6-87C1-2BF6EE99497A}"
	ProjectSection(SolutionItems) = preProject
		emberDemo.vsmdi = emberDemo.vsmdi
		Local.testsettings = Local.testsettings
		TraceAndTestImpact.testsettings = TraceAndTestImpact.testsettings
	EndProjectSection
EndProject
Global
	GlobalSection(TestCaseManagementSettings) = postSolution
		CategoryFile = emberDemo.vsmdi
	EndGlobalSection
	GlobalSection(SolutionConfigurationPlatforms) = preSolution
		Debug|Any CPU = Debug|Any CPU
		Release|Any CPU = Release|Any CPU
	EndGlobalSection
	GlobalSection(ProjectConfigurationPlatforms) = postSolution
		{7624FA60-1CAE-462B-BAEC-AACA3E642055}.Debug|Any CPU.ActiveCfg = Debug|Any CPU
		{7624FA60-1CAE-462B-BAEC-AACA3E642055}.Debug|Any CPU.Build.0 = Debug|Any CPU
		{7624FA60-1CAE-462B-BAEC-AACA3E642055}.Release|Any CPU.ActiveCfg = Release|Any CPU
		{7624FA60-1CAE-462B-BAEC-AACA3E642055}.Release|Any CPU.Build.0 = Release|Any CPU
		{9DAFD3B1-98BC-44B5-B57F-712CEED2FB48}.Debug|Any CPU.ActiveCfg = Debug|Any CPU
		{9DAFD3B1-98BC-44B5-B57F-712CEED2FB48}.Debug|Any CPU.Build.0 = Debug|Any CPU
		{9DAFD3B1-98BC-44B5-B57F-712CEED2FB48}.Release|Any CPU.ActiveCfg = Release|Any CPU
		{9DAFD3B1-98BC-44B5-B57F-712CEED2FB48}.Release|Any CPU.Build.0 = Release|Any CPU
		{EA2E5552-B838-4C34-A12D-08D83771DE2F}.Debug|Any CPU.ActiveCfg = Debug|Any CPU
		{EA2E5552-B838-4C34-A12D-08D83771DE2F}.Debug|Any CPU.Build.0 = Debug|Any CPU
		{EA2E5552-B838-4C34-A12D-08D83771DE2F}.Release|Any CPU.ActiveCfg = Release|Any CPU
		{EA2E5552-B838-4C34-A12D-08D83771DE2F}.Release|Any CPU.Build.0 = Release|Any CPU
	EndGlobalSection
	GlobalSection(SolutionProperties) = preSolution
		HideSolutionNode = FALSE
	EndGlobalSection
EndGlobal
